// !$*UTF8*$!
{
	archiveVersion = 1;
	classes = {
	};
	objectVersion = 46;
	objects = {

/* Begin PBXBuildFile section */
		AB0092AD159D3BFC0091DC6B /* UIKit.framework in Frameworks */ = {isa = PBXBuildFile; fileRef = AB0092AC159D3BFC0091DC6B /* UIKit.framework */; };
		AB0092AF159D3BFC0091DC6B /* Foundation.framework in Frameworks */ = {isa = PBXBuildFile; fileRef = AB0092AE159D3BFC0091DC6B /* Foundation.framework */; };
		AB0092B1159D3BFC0091DC6B /* CoreGraphics.framework in Frameworks */ = {isa = PBXBuildFile; fileRef = AB0092B0159D3BFC0091DC6B /* CoreGraphics.framework */; };
		AB0092B7159D3BFC0091DC6B /* InfoPlist.strings in Resources */ = {isa = PBXBuildFile; fileRef = AB0092B5159D3BFC0091DC6B /* InfoPlist.strings */; };
		AB0092B9159D3BFC0091DC6B /* main.m in Sources */ = {isa = PBXBuildFile; fileRef = AB0092B8159D3BFC0091DC6B /* main.m */; };
		AB0092BD159D3BFC0091DC6B /* AUTAppDelegate.m in Sources */ = {isa = PBXBuildFile; fileRef = AB0092BC159D3BFC0091DC6B /* AUTAppDelegate.m */; };
		AB0092C0159D3BFC0091DC6B /* MainStoryboard.storyboard in Resources */ = {isa = PBXBuildFile; fileRef = AB0092BE159D3BFC0091DC6B /* MainStoryboard.storyboard */; };
		AB0092C3159D3BFC0091DC6B /* AUTMasterViewController.m in Sources */ = {isa = PBXBuildFile; fileRef = AB0092C2159D3BFC0091DC6B /* AUTMasterViewController.m */; };
		AB0092C6159D3BFC0091DC6B /* AUTDetailViewController.m in Sources */ = {isa = PBXBuildFile; fileRef = AB0092C5159D3BFC0091DC6B /* AUTDetailViewController.m */; };
		ABAF4C58163BBA0600CCCD8A /* Default-568h@2x.png in Resources */ = {isa = PBXBuildFile; fileRef = ABAF4C57163BBA0600CCCD8A /* Default-568h@2x.png */; };
/* End PBXBuildFile section */

/* Begin PBXFileReference section */
		AB0092A8159D3BFC0091DC6B /* AutomationExample.app */ = {isa = PBXFileReference; explicitFileType = wrapper.application; includeInIndex = 0; path = AutomationExample.app; sourceTree = BUILT_PRODUCTS_DIR; };
		AB0092AC159D3BFC0091DC6B /* UIKit.framework */ = {isa = PBXFileReference; lastKnownFileType = wrapper.framework; name = UIKit.framework; path = System/Library/Frameworks/UIKit.framework; sourceTree = SDKROOT; };
		AB0092AE159D3BFC0091DC6B /* Foundation.framework */ = {isa = PBXFileReference; lastKnownFileType = wrapper.framework; name = Foundation.framework; path = System/Library/Frameworks/Foundation.framework; sourceTree = SDKROOT; };
		AB0092B0159D3BFC0091DC6B /* CoreGraphics.framework */ = {isa = PBXFileReference; lastKnownFileType = wrapper.framework; name = CoreGraphics.framework; path = System/Library/Frameworks/CoreGraphics.framework; sourceTree = SDKROOT; };
		AB0092B4159D3BFC0091DC6B /* AutomationExample-Info.plist */ = {isa = PBXFileReference; lastKnownFileType = text.plist.xml; path = "AutomationExample-Info.plist"; sourceTree = "<group>"; };
		AB0092B6159D3BFC0091DC6B /* en */ = {isa = PBXFileReference; lastKnownFileType = text.plist.strings; name = en; path = en.lproj/InfoPlist.strings; sourceTree = "<group>"; };
		AB0092B8159D3BFC0091DC6B /* main.m */ = {isa = PBXFileReference; lastKnownFileType = sourcecode.c.objc; path = main.m; sourceTree = "<group>"; };
		AB0092BA159D3BFC0091DC6B /* AutomationExample-Prefix.pch */ = {isa = PBXFileReference; lastKnownFileType = sourcecode.c.h; path = "AutomationExample-Prefix.pch"; sourceTree = "<group>"; };
		AB0092BB159D3BFC0091DC6B /* AUTAppDelegate.h */ = {isa = PBXFileReference; lastKnownFileType = sourcecode.c.h; path = AUTAppDelegate.h; sourceTree = "<group>"; };
		AB0092BC159D3BFC0091DC6B /* AUTAppDelegate.m */ = {isa = PBXFileReference; lastKnownFileType = sourcecode.c.objc; path = AUTAppDelegate.m; sourceTree = "<group>"; };
		AB0092BF159D3BFC0091DC6B /* en */ = {isa = PBXFileReference; lastKnownFileType = file.storyboard; name = en; path = en.lproj/MainStoryboard.storyboard; sourceTree = "<group>"; };
		AB0092C1159D3BFC0091DC6B /* AUTMasterViewController.h */ = {isa = PBXFileReference; lastKnownFileType = sourcecode.c.h; path = AUTMasterViewController.h; sourceTree = "<group>"; };
		AB0092C2159D3BFC0091DC6B /* AUTMasterViewController.m */ = {isa = PBXFileReference; lastKnownFileType = sourcecode.c.objc; path = AUTMasterViewController.m; sourceTree = "<group>"; };
		AB0092C4159D3BFC0091DC6B /* AUTDetailViewController.h */ = {isa = PBXFileReference; lastKnownFileType = sourcecode.c.h; path = AUTDetailViewController.h; sourceTree = "<group>"; };
		AB0092C5159D3BFC0091DC6B /* AUTDetailViewController.m */ = {isa = PBXFileReference; lastKnownFileType = sourcecode.c.objc; path = AUTDetailViewController.m; sourceTree = "<group>"; };
		ABAF4C57163BBA0600CCCD8A /* Default-568h@2x.png */ = {isa = PBXFileReference; lastKnownFileType = image.png; path = "Default-568h@2x.png"; sourceTree = "<group>"; };
/* End PBXFileReference section */

/* Begin PBXFrameworksBuildPhase section */
		AB0092A5159D3BFC0091DC6B /* Frameworks */ = {
			isa = PBXFrameworksBuildPhase;
			buildActionMask = 2147483647;
			files = (
				AB0092AD159D3BFC0091DC6B /* UIKit.framework in Frameworks */,
				AB0092AF159D3BFC0091DC6B /* Foundation.framework in Frameworks */,
				AB0092B1159D3BFC0091DC6B /* CoreGraphics.framework in Frameworks */,
			);
			runOnlyForDeploymentPostprocessing = 0;
		};
/* End PBXFrameworksBuildPhase section */

/* Begin PBXGroup section */
		AB00929D159D3BFC0091DC6B = {
			isa = PBXGroup;
			children = (
				ABAF4C57163BBA0600CCCD8A /* Default-568h@2x.png */,
				AB0092B2159D3BFC0091DC6B /* AutomationExample */,
				AB0092AB159D3BFC0091DC6B /* Frameworks */,
				AB0092A9159D3BFC0091DC6B /* Products */,
			);
			sourceTree = "<group>";
		};
		AB0092A9159D3BFC0091DC6B /* Products */ = {
			isa = PBXGroup;
			children = (
				AB0092A8159D3BFC0091DC6B /* AutomationExample.app */,
			);
			name = Products;
			sourceTree = "<group>";
		};
		AB0092AB159D3BFC0091DC6B /* Frameworks */ = {
			isa = PBXGroup;
			children = (
				AB0092AC159D3BFC0091DC6B /* UIKit.framework */,
				AB0092AE159D3BFC0091DC6B /* Foundation.framework */,
				AB0092B0159D3BFC0091DC6B /* CoreGraphics.framework */,
			);
			name = Frameworks;
			sourceTree = "<group>";
		};
		AB0092B2159D3BFC0091DC6B /* AutomationExample */ = {
			isa = PBXGroup;
			children = (
				AB0092BB159D3BFC0091DC6B /* AUTAppDelegate.h */,
				AB0092BC159D3BFC0091DC6B /* AUTAppDelegate.m */,
				AB0092BE159D3BFC0091DC6B /* MainStoryboard.storyboard */,
				AB0092C1159D3BFC0091DC6B /* AUTMasterViewController.h */,
				AB0092C2159D3BFC0091DC6B /* AUTMasterViewController.m */,
				AB0092C4159D3BFC0091DC6B /* AUTDetailViewController.h */,
				AB0092C5159D3BFC0091DC6B /* AUTDetailViewController.m */,
				AB0092B3159D3BFC0091DC6B /* Supporting Files */,
			);
			path = AutomationExample;
			sourceTree = "<group>";
		};
		AB0092B3159D3BFC0091DC6B /* Supporting Files */ = {
			isa = PBXGroup;
			children = (
				AB0092B4159D3BFC0091DC6B /* AutomationExample-Info.plist */,
				AB0092B5159D3BFC0091DC6B /* InfoPlist.strings */,
				AB0092B8159D3BFC0091DC6B /* main.m */,
				AB0092BA159D3BFC0091DC6B /* AutomationExample-Prefix.pch */,
			);
			name = "Supporting Files";
			sourceTree = "<group>";
		};
/* End PBXGroup section */

/* Begin PBXNativeTarget section */
		AB0092A7159D3BFC0091DC6B /* AutomationExample */ = {
			isa = PBXNativeTarget;
			buildConfigurationList = AB0092C9159D3BFC0091DC6B /* Build configuration list for PBXNativeTarget "AutomationExample" */;
			buildPhases = (
				AB0092A4159D3BFC0091DC6B /* Sources */,
				AB0092A5159D3BFC0091DC6B /* Frameworks */,
				AB0092A6159D3BFC0091DC6B /* Resources */,
			);
			buildRules = (
			);
			dependencies = (
			);
			name = AutomationExample;
			productName = AutomationExample;
			productReference = AB0092A8159D3BFC0091DC6B /* AutomationExample.app */;
			productType = "com.apple.product-type.application";
		};
/* End PBXNativeTarget section */

/* Begin PBXProject section */
		AB00929F159D3BFC0091DC6B /* Project object */ = {
			isa = PBXProject;
			attributes = {
				CLASSPREFIX = AUT;
				LastUpgradeCheck = 0430;
				ORGANIZATIONNAME = cocoamanifest.net;
			};
			buildConfigurationList = AB0092A2159D3BFC0091DC6B /* Build configuration list for PBXProject "AutomationExample" */;
			compatibilityVersion = "Xcode 3.2";
			developmentRegion = English;
			hasScannedForEncodings = 0;
			knownRegions = (
				en,
			);
			mainGroup = AB00929D159D3BFC0091DC6B;
			productRefGroup = AB0092A9159D3BFC0091DC6B /* Products */;
			projectDirPath = "";
			projectRoot = "";
			targets = (
				AB0092A7159D3BFC0091DC6B /* AutomationExample */,
			);
		};
/* End PBXProject section */

/* Begin PBXResourcesBuildPhase section */
		AB0092A6159D3BFC0091DC6B /* Resources */ = {
			isa = PBXResourcesBuildPhase;
			buildActionMask = 2147483647;
			files = (
				AB0092B7159D3BFC0091DC6B /* InfoPlist.strings in Resources */,
				AB0092C0159D3BFC0091DC6B /* MainStoryboard.storyboard in Resources */,
				ABAF4C58163BBA0600CCCD8A /* Default-568h@2x.png in Resources */,
			);
			runOnlyForDeploymentPostprocessing = 0;
		};
/* End PBXResourcesBuildPhase section */

/* Begin PBXSourcesBuildPhase section */
		AB0092A4159D3BFC0091DC6B /* Sources */ = {
			isa = PBXSourcesBuildPhase;
			buildActionMask = 2147483647;
			files = (
				AB0092B9159D3BFC0091DC6B /* main.m in Sources */,
				AB0092BD159D3BFC0091DC6B /* AUTAppDelegate.m in Sources */,
				AB0092C3159D3BFC0091DC6B /* AUTMasterViewController.m in Sources */,
				AB0092C6159D3BFC0091DC6B /* AUTDetailViewController.m in Sources */,
			);
			runOnlyForDeploymentPostprocessing = 0;
		};
/* End PBXSourcesBuildPhase section */

/* Begin PBXVariantGroup section */
		AB0092B5159D3BFC0091DC6B /* InfoPlist.strings */ = {
			isa = PBXVariantGroup;
			children = (
				AB0092B6159D3BFC0091DC6B /* en */,
			);
			name = InfoPlist.strings;
			sourceTree = "<group>";
		};
		AB0092BE159D3BFC0091DC6B /* MainStoryboard.storyboard */ = {
			isa = PBXVariantGroup;
			children = (
				AB0092BF159D3BFC0091DC6B /* en */,
			);
			name = MainStoryboard.storyboard;
			sourceTree = "<group>";
		};
/* End PBXVariantGroup section */

/* Begin XCBuildConfiguration section */
		AB0092C7159D3BFC0091DC6B /* Debug */ = {
			isa = XCBuildConfiguration;
			buildSettings = {
				ALWAYS_SEARCH_USER_PATHS = NO;
				ARCHS = "$(ARCHS_STANDARD_32_BIT)";
				CLANG_ENABLE_OBJC_ARC = YES;
				"CODE_SIGN_IDENTITY[sdk=iphoneos*]" = "iPhone Developer";
				COPY_PHASE_STRIP = NO;
				GCC_C_LANGUAGE_STANDARD = gnu99;
				GCC_DYNAMIC_NO_PIC = NO;
				GCC_OPTIMIZATION_LEVEL = 0;
				GCC_PREPROCESSOR_DEFINITIONS = (
					"DEBUG=1",
					"$(inherited)",
				);
				GCC_SYMBOLS_PRIVATE_EXTERN = NO;
				GCC_VERSION = com.apple.compilers.llvm.clang.1_0;
				GCC_WARN_ABOUT_RETURN_TYPE = YES;
				GCC_WARN_UNINITIALIZED_AUTOS = YES;
				GCC_WARN_UNUSED_VARIABLE = YES;
				IPHONEOS_DEPLOYMENT_TARGET = 5.1;
				SDKROOT = iphoneos;
			};
			name = Debug;
		};
		AB0092C8159D3BFC0091DC6B /* Release */ = {
			isa = XCBuildConfiguration;
			buildSettings = {
				ALWAYS_SEARCH_USER_PATHS = NO;
				ARCHS = "$(ARCHS_STANDARD_32_BIT)";
				CLANG_ENABLE_OBJC_ARC = YES;
				"CODE_SIGN_IDENTITY[sdk=iphoneos*]" = "iPhone Developer";
				COPY_PHASE_STRIP = YES;
				GCC_C_LANGUAGE_STANDARD = gnu99;
				GCC_VERSION = com.apple.compilers.llvm.clang.1_0;
				GCC_WARN_ABOUT_RETURN_TYPE = YES;
				GCC_WARN_UNINITIALIZED_AUTOS = YES;
				GCC_WARN_UNUSED_VARIABLE = YES;
				IPHONEOS_DEPLOYMENT_TARGET = 5.1;
				OTHER_CFLAGS = "-DNS_BLOCK_ASSERTIONS=1";
				SDKROOT = iphoneos;
				VALIDATE_PRODUCT = YES;
			};
			name = Release;
		};
		AB0092CA159D3BFC0091DC6B /* Debug */ = {
			isa = XCBuildConfiguration;
			buildSettings = {
				GCC_PRECOMPILE_PREFIX_HEADER = YES;
				GCC_PREFIX_HEADER = "AutomationExample/AutomationExample-Prefix.pch";
				INFOPLIST_FILE = "AutomationExample/AutomationExample-Info.plist";
				PRODUCT_NAME = "$(TARGET_NAME)";
				WRAPPER_EXTENSION = app;
			};
			name = Debug;
		};
		AB0092CB159D3BFC0091DC6B /* Release */ = {
			isa = XCBuildConfiguration;
			buildSettings = {
				GCC_PRECOMPILE_PREFIX_HEADER = YES;
				GCC_PREFIX_HEADER = "AutomationExample/AutomationExample-Prefix.pch";
				INFOPLIST_FILE = "AutomationExample/AutomationExample-Info.plist";
				PRODUCT_NAME = "$(TARGET_NAME)";
				WRAPPER_EXTENSION = app;
			};
			name = Release;
		};
/* End XCBuildConfiguration section */

/* Begin XCConfigurationList section */
		AB0092A2159D3BFC0091DC6B /* Build configuration list for PBXProject "AutomationExample" */ = {
			isa = XCConfigurationList;
			buildConfigurations = (
				AB0092C7159D3BFC0091DC6B /* Debug */,
				AB0092C8159D3BFC0091DC6B /* Release */,
			);
			defaultConfigurationIsVisible = 0;
			defaultConfigurationName = Release;
		};
		AB0092C9159D3BFC0091DC6B /* Build configuration list for PBXNativeTarget "AutomationExample" */ = {
			isa = XCConfigurationList;
			buildConfigurations = (
				AB0092CA159D3BFC0091DC6B /* Debug */,
				AB0092CB159D3BFC0091DC6B /* Release */,
			);
			defaultConfigurationIsVisible = 0;
			defaultConfigurationName = Release;
		};
/* End XCConfigurationList section */
	};
	rootObject = AB00929F159D3BFC0091DC6B /* Project object */;
}
